// !$*UTF8*$!
{
	archiveVersion = 1;
	classes = {
	};
	objectVersion = 70;
	objects = {

/* Begin PBXBuildFile section */
		0DF7353C2D0DC7440058D9FC /* APIClient.swift in Sources */ = {isa = PBXBuildFile; fileRef = 0DF7353B2D0DC7440058D9FC /* APIClient.swift */; };
		0DF7353E2D0DC7820058D9FC /* Ride.swift in Sources */ = {isa = PBXBuildFile; fileRef = 0DF7353D2D0DC7820058D9FC /* Ride.swift */; };
		0DF735422D0DD2B90058D9FC /* CarsListView.swift in Sources */ = {isa = PBXBuildFile; fileRef = 0DF735412D0DD2B90058D9FC /* CarsListView.swift */; };
		0DF735462D0F015A0058D9FC /* RideListView.swift in Sources */ = {isa = PBXBuildFile; fileRef = 0DF735452D0F015A0058D9FC /* RideListView.swift */; };
		0DF735482D0F02220058D9FC /* UserListView.swift in Sources */ = {isa = PBXBuildFile; fileRef = 0DF735472D0F02220058D9FC /* UserListView.swift */; };
		E601005F2D0CA1E600C8A46A /* RZBDApp.swift in Sources */ = {isa = PBXBuildFile; fileRef = E601005E2D0CA1E600C8A46A /* RZBDApp.swift */; };
		E60100632D0CA1E700C8A46A /* Assets.xcassets in Resources */ = {isa = PBXBuildFile; fileRef = E60100622D0CA1E700C8A46A /* Assets.xcassets */; };
		E60100662D0CA1E700C8A46A /* Preview Assets.xcassets in Resources */ = {isa = PBXBuildFile; fileRef = E60100652D0CA1E700C8A46A /* Preview Assets.xcassets */; };
		E601006D2D0CA32B00C8A46A /* Editor.swift in Sources */ = {isa = PBXBuildFile; fileRef = E601006C2D0CA32B00C8A46A /* Editor.swift */; };
		E60100722D0CAB6100C8A46A /* User.swift in Sources */ = {isa = PBXBuildFile; fileRef = E60100712D0CAB6100C8A46A /* User.swift */; };
		E60100782D0CAC0700C8A46A /* UserViewModel.swift in Sources */ = {isa = PBXBuildFile; fileRef = E60100772D0CAC0700C8A46A /* UserViewModel.swift */; };
		E601007A2D0CAE1700C8A46A /* EditUserView.swift in Sources */ = {isa = PBXBuildFile; fileRef = E60100792D0CAE1700C8A46A /* EditUserView.swift */; };
		E601007C2D0CB13800C8A46A /* NewUserView.swift in Sources */ = {isa = PBXBuildFile; fileRef = E601007B2D0CB13800C8A46A /* NewUserView.swift */; };
		E601007E2D0CCB2400C8A46A /* Car.swift in Sources */ = {isa = PBXBuildFile; fileRef = E601007D2D0CCB2400C8A46A /* Car.swift */; };
		E60100802D0CD02700C8A46A /* CarsViewModel.swift in Sources */ = {isa = PBXBuildFile; fileRef = E601007F2D0CD02700C8A46A /* CarsViewModel.swift */; };
		E65BFA732D0CDF5F006B88EF /* NewCarView.swift in Sources */ = {isa = PBXBuildFile; fileRef = E65BFA722D0CDF5F006B88EF /* NewCarView.swift */; };
/* End PBXBuildFile section */

/* Begin PBXFileReference section */
		0DF7353B2D0DC7440058D9FC /* APIClient.swift */ = {isa = PBXFileReference; lastKnownFileType = sourcecode.swift; path = APIClient.swift; sourceTree = "<group>"; };
		0DF7353D2D0DC7820058D9FC /* Ride.swift */ = {isa = PBXFileReference; lastKnownFileType = sourcecode.swift; path = Ride.swift; sourceTree = "<group>"; };
		0DF735412D0DD2B90058D9FC /* CarsListView.swift */ = {isa = PBXFileReference; lastKnownFileType = sourcecode.swift; path = CarsListView.swift; sourceTree = "<group>"; };
		0DF735452D0F015A0058D9FC /* RideListView.swift */ = {isa = PBXFileReference; lastKnownFileType = sourcecode.swift; path = RideListView.swift; sourceTree = "<group>"; };
		0DF735472D0F02220058D9FC /* UserListView.swift */ = {isa = PBXFileReference; lastKnownFileType = sourcecode.swift; path = UserListView.swift; sourceTree = "<group>"; };
		E601005B2D0CA1E600C8A46A /* RZBD.app */ = {isa = PBXFileReference; explicitFileType = wrapper.application; includeInIndex = 0; path = RZBD.app; sourceTree = BUILT_PRODUCTS_DIR; };
		E601005E2D0CA1E600C8A46A /* RZBDApp.swift */ = {isa = PBXFileReference; lastKnownFileType = sourcecode.swift; path = RZBDApp.swift; sourceTree = "<group>"; };
		E60100622D0CA1E700C8A46A /* Assets.xcassets */ = {isa = PBXFileReference; lastKnownFileType = folder.assetcatalog; path = Assets.xcassets; sourceTree = "<group>"; };
		E60100652D0CA1E700C8A46A /* Preview Assets.xcassets */ = {isa = PBXFileReference; lastKnownFileType = folder.assetcatalog; path = "Preview Assets.xcassets"; sourceTree = "<group>"; };
		E601006C2D0CA32B00C8A46A /* Editor.swift */ = {isa = PBXFileReference; lastKnownFileType = sourcecode.swift; path = Editor.swift; sourceTree = "<group>"; };
		E60100712D0CAB6100C8A46A /* User.swift */ = {isa = PBXFileReference; lastKnownFileType = sourcecode.swift; path = User.swift; sourceTree = "<group>"; };
		E60100772D0CAC0700C8A46A /* UserViewModel.swift */ = {isa = PBXFileReference; lastKnownFileType = sourcecode.swift; path = UserViewModel.swift; sourceTree = "<group>"; };
		E60100792D0CAE1700C8A46A /* EditUserView.swift */ = {isa = PBXFileReference; lastKnownFileType = sourcecode.swift; path = EditUserView.swift; sourceTree = "<group>"; };
		E601007B2D0CB13800C8A46A /* NewUserView.swift */ = {isa = PBXFileReference; lastKnownFileType = sourcecode.swift; path = NewUserView.swift; sourceTree = "<group>"; };
		E601007D2D0CCB2400C8A46A /* Car.swift */ = {isa = PBXFileReference; lastKnownFileType = sourcecode.swift; path = Car.swift; sourceTree = "<group>"; };
		E601007F2D0CD02700C8A46A /* CarsViewModel.swift */ = {isa = PBXFileReference; lastKnownFileType = sourcecode.swift; path = CarsViewModel.swift; sourceTree = "<group>"; };
		E65BFA722D0CDF5F006B88EF /* NewCarView.swift */ = {isa = PBXFileReference; lastKnownFileType = sourcecode.swift; path = NewCarView.swift; sourceTree = "<group>"; };
/* End PBXFileReference section */

/* Begin PBXFileSystemSynchronizedRootGroup section */
		0DF735492D0F2E690058D9FC /* Screen */ = {isa = PBXFileSystemSynchronizedRootGroup; explicitFileTypes = {}; explicitFolders = (); path = Screen; sourceTree = "<group>"; };
		0DF7354A2D0F33430058D9FC /* AddEditingViews */ = {isa = PBXFileSystemSynchronizedRootGroup; explicitFileTypes = {}; explicitFolders = (); path = AddEditingViews; sourceTree = "<group>"; };
/* End PBXFileSystemSynchronizedRootGroup section */

/* Begin PBXFrameworksBuildPhase section */
		E60100582D0CA1E600C8A46A /* Frameworks */ = {
			isa = PBXFrameworksBuildPhase;
			buildActionMask = 2147483647;
			files = (
			);
			runOnlyForDeploymentPostprocessing = 0;
		};
/* End PBXFrameworksBuildPhase section */

/* Begin PBXGroup section */
		E60100522D0CA1E600C8A46A = {
			isa = PBXGroup;
			children = (
				E601005D2D0CA1E600C8A46A /* RZBD */,
				E601005C2D0CA1E600C8A46A /* Products */,
			);
			sourceTree = "<group>";
		};
		E601005C2D0CA1E600C8A46A /* Products */ = {
			isa = PBXGroup;
			children = (
				E601005B2D0CA1E600C8A46A /* RZBD.app */,
			);
			name = Products;
			sourceTree = "<group>";
		};
		E601005D2D0CA1E600C8A46A /* RZBD */ = {
			isa = PBXGroup;
			children = (
				E65BFA712D0CDDB6006B88EF /* ViewModels */,
				E60100812D0CD08500C8A46A /* Views */,
				E60100702D0CAB5700C8A46A /* Model */,
				E601005E2D0CA1E600C8A46A /* RZBDApp.swift */,
				E60100622D0CA1E700C8A46A /* Assets.xcassets */,
				E60100642D0CA1E700C8A46A /* Preview Content */,
			);
			path = RZBD;
			sourceTree = "<group>";
		};
		E60100642D0CA1E700C8A46A /* Preview Content */ = {
			isa = PBXGroup;
			children = (
				E60100652D0CA1E700C8A46A /* Preview Assets.xcassets */,
			);
			path = "Preview Content";
			sourceTree = "<group>";
		};
		E60100702D0CAB5700C8A46A /* Model */ = {
			isa = PBXGroup;
			children = (
				E601006C2D0CA32B00C8A46A /* Editor.swift */,
				E60100712D0CAB6100C8A46A /* User.swift */,
				E601007D2D0CCB2400C8A46A /* Car.swift */,
				0DF7353D2D0DC7820058D9FC /* Ride.swift */,
			);
			path = Model;
			sourceTree = "<group>";
		};
		E60100812D0CD08500C8A46A /* Views */ = {
			isa = PBXGroup;
			children = (
				0DF7354A2D0F33430058D9FC /* AddEditingViews */,
				0DF735492D0F2E690058D9FC /* Screen */,
				0DF735412D0DD2B90058D9FC /* CarsListView.swift */,
				0DF735452D0F015A0058D9FC /* RideListView.swift */,
				0DF735472D0F02220058D9FC /* UserListView.swift */,
				E60100792D0CAE1700C8A46A /* EditUserView.swift */,
				E601007B2D0CB13800C8A46A /* NewUserView.swift */,
				E65BFA722D0CDF5F006B88EF /* NewCarView.swift */,
			);
			path = Views;
			sourceTree = "<group>";
		};
		E65BFA712D0CDDB6006B88EF /* ViewModels */ = {
			isa = PBXGroup;
			children = (
				E601007F2D0CD02700C8A46A /* CarsViewModel.swift */,
				E60100772D0CAC0700C8A46A /* UserViewModel.swift */,
				0DF7353B2D0DC7440058D9FC /* APIClient.swift */,
			);
			path = ViewModels;
			sourceTree = "<group>";
		};
/* End PBXGroup section */

/* Begin PBXNativeTarget section */
		E601005A2D0CA1E600C8A46A /* RZBD */ = {
			isa = PBXNativeTarget;
			buildConfigurationList = E60100692D0CA1E700C8A46A /* Build configuration list for PBXNativeTarget "RZBD" */;
			buildPhases = (
				E60100572D0CA1E600C8A46A /* Sources */,
				E60100582D0CA1E600C8A46A /* Frameworks */,
				E60100592D0CA1E600C8A46A /* Resources */,
			);
			buildRules = (
			);
			dependencies = (
			);
			fileSystemSynchronizedGroups = (
				0DF735492D0F2E690058D9FC /* Screen */,
				0DF7354A2D0F33430058D9FC /* AddEditingViews */,
			);
			name = RZBD;
			productName = RZBD;
			productReference = E601005B2D0CA1E600C8A46A /* RZBD.app */;
			productType = "com.apple.product-type.application";
		};
/* End PBXNativeTarget section */

/* Begin PBXProject section */
		E60100532D0CA1E600C8A46A /* Project object */ = {
			isa = PBXProject;
			attributes = {
				BuildIndependentTargetsInParallel = 1;
				LastSwiftUpdateCheck = 1520;
				LastUpgradeCheck = 1520;
				TargetAttributes = {
					E601005A2D0CA1E600C8A46A = {
						CreatedOnToolsVersion = 15.2;
					};
				};
			};
			buildConfigurationList = E60100562D0CA1E600C8A46A /* Build configuration list for PBXProject "RZBD" */;
			compatibilityVersion = "Xcode 14.0";
			developmentRegion = en;
			hasScannedForEncodings = 0;
			knownRegions = (
				en,
				Base,
			);
			mainGroup = E60100522D0CA1E600C8A46A;
			productRefGroup = E601005C2D0CA1E600C8A46A /* Products */;
			projectDirPath = "";
			projectRoot = "";
			targets = (
				E601005A2D0CA1E600C8A46A /* RZBD */,
			);
		};
/* End PBXProject section */

/* Begin PBXResourcesBuildPhase section */
		E60100592D0CA1E600C8A46A /* Resources */ = {
			isa = PBXResourcesBuildPhase;
			buildActionMask = 2147483647;
			files = (
				E60100662D0CA1E700C8A46A /* Preview Assets.xcassets in Resources */,
				E60100632D0CA1E700C8A46A /* Assets.xcassets in Resources */,
			);
			runOnlyForDeploymentPostprocessing = 0;
		};
/* End PBXResourcesBuildPhase section */

/* Begin PBXSourcesBuildPhase section */
		E60100572D0CA1E600C8A46A /* Sources */ = {
			isa = PBXSourcesBuildPhase;
			buildActionMask = 2147483647;
			files = (
				0DF7353C2D0DC7440058D9FC /* APIClient.swift in Sources */,
				0DF735482D0F02220058D9FC /* UserListView.swift in Sources */,
				E601007C2D0CB13800C8A46A /* NewUserView.swift in Sources */,
				E60100782D0CAC0700C8A46A /* UserViewModel.swift in Sources */,
				E65BFA732D0CDF5F006B88EF /* NewCarView.swift in Sources */,
				0DF7353E2D0DC7820058D9FC /* Ride.swift in Sources */,
				E601005F2D0CA1E600C8A46A /* RZBDApp.swift in Sources */,
				0DF735422D0DD2B90058D9FC /* CarsListView.swift in Sources */,
				E60100802D0CD02700C8A46A /* CarsViewModel.swift in Sources */,
				E601007E2D0CCB2400C8A46A /* Car.swift in Sources */,
				E601007A2D0CAE1700C8A46A /* EditUserView.swift in Sources */,
				E60100722D0CAB6100C8A46A /* User.swift in Sources */,
				E601006D2D0CA32B00C8A46A /* Editor.swift in Sources */,
				0DF735462D0F015A0058D9FC /* RideListView.swift in Sources */,
			);
			runOnlyForDeploymentPostprocessing = 0;
		};
/* End PBXSourcesBuildPhase section */

/* Begin XCBuildConfiguration section */
		E60100672D0CA1E700C8A46A /* Debug */ = {
			isa = XCBuildConfiguration;
			buildSettings = {
				ALWAYS_SEARCH_USER_PATHS = NO;
				ASSETCATALOG_COMPILER_GENERATE_SWIFT_ASSET_SYMBOL_EXTENSIONS = YES;
				CLANG_ANALYZER_NONNULL = YES;
				CLANG_ANALYZER_NUMBER_OBJECT_CONVERSION = YES_AGGRESSIVE;
				CLANG_CXX_LANGUAGE_STANDARD = "gnu++20";
				CLANG_ENABLE_MODULES = YES;
				CLANG_ENABLE_OBJC_ARC = YES;
				CLANG_ENABLE_OBJC_WEAK = YES;
				CLANG_WARN_BLOCK_CAPTURE_AUTORELEASING = YES;
				CLANG_WARN_BOOL_CONVERSION = YES;
				CLANG_WARN_COMMA = YES;
				CLANG_WARN_CONSTANT_CONVERSION = YES;
				CLANG_WARN_DEPRECATED_OBJC_IMPLEMENTATIONS = YES;
				CLANG_WARN_DIRECT_OBJC_ISA_USAGE = YES_ERROR;
				CLANG_WARN_DOCUMENTATION_COMMENTS = YES;
				CLANG_WARN_EMPTY_BODY = YES;
				CLANG_WARN_ENUM_CONVERSION = YES;
				CLANG_WARN_INFINITE_RECURSION = YES;
				CLANG_WARN_INT_CONVERSION = YES;
				CLANG_WARN_NON_LITERAL_NULL_CONVERSION = YES;
				CLANG_WARN_OBJC_IMPLICIT_RETAIN_SELF = YES;
				CLANG_WARN_OBJC_LITERAL_CONVERSION = YES;
				CLANG_WARN_OBJC_ROOT_CLASS = YES_ERROR;
				CLANG_WARN_QUOTED_INCLUDE_IN_FRAMEWORK_HEADER = YES;
				CLANG_WARN_RANGE_LOOP_ANALYSIS = YES;
				CLANG_WARN_STRICT_PROTOTYPES = YES;
				CLANG_WARN_SUSPICIOUS_MOVE = YES;
				CLANG_WARN_UNGUARDED_AVAILABILITY = YES_AGGRESSIVE;
				CLANG_WARN_UNREACHABLE_CODE = YES;
				CLANG_WARN__DUPLICATE_METHOD_MATCH = YES;
				COPY_PHASE_STRIP = NO;
				DEBUG_INFORMATION_FORMAT = dwarf;
				ENABLE_STRICT_OBJC_MSGSEND = YES;
				ENABLE_TESTABILITY = YES;
				ENABLE_USER_SCRIPT_SANDBOXING = YES;
				GCC_C_LANGUAGE_STANDARD = gnu17;
				GCC_DYNAMIC_NO_PIC = NO;
				GCC_NO_COMMON_BLOCKS = YES;
				GCC_OPTIMIZATION_LEVEL = 0;
				GCC_PREPROCESSOR_DEFINITIONS = (
					"DEBUG=1",
					"$(inherited)",
				);
				GCC_WARN_64_TO_32_BIT_CONVERSION = YES;
				GCC_WARN_ABOUT_RETURN_TYPE = YES_ERROR;
				GCC_WARN_UNDECLARED_SELECTOR = YES;
				GCC_WARN_UNINITIALIZED_AUTOS = YES_AGGRESSIVE;
				GCC_WARN_UNUSED_FUNCTION = YES;
				GCC_WARN_UNUSED_VARIABLE = YES;
				IPHONEOS_DEPLOYMENT_TARGET = 17.2;
				LOCALIZATION_PREFERS_STRING_CATALOGS = YES;
				MTL_ENABLE_DEBUG_INFO = INCLUDE_SOURCE;
				MTL_FAST_MATH = YES;
				ONLY_ACTIVE_ARCH = YES;
				SDKROOT = iphoneos;
				SWIFT_ACTIVE_COMPILATION_CONDITIONS = "DEBUG $(inherited)";
				SWIFT_OPTIMIZATION_LEVEL = "-Onone";
			};
			name = Debug;
		};
		E60100682D0CA1E700C8A46A /* Release */ = {
			isa = XCBuildConfiguration;
			buildSettings = {
				ALWAYS_SEARCH_USER_PATHS = NO;
				ASSETCATALOG_COMPILER_GENERATE_SWIFT_ASSET_SYMBOL_EXTENSIONS = YES;
				CLANG_ANALYZER_NONNULL = YES;
				CLANG_ANALYZER_NUMBER_OBJECT_CONVERSION = YES_AGGRESSIVE;
				CLANG_CXX_LANGUAGE_STANDARD = "gnu++20";
				CLANG_ENABLE_MODULES = YES;
				CLANG_ENABLE_OBJC_ARC = YES;
				CLANG_ENABLE_OBJC_WEAK = YES;
				CLANG_WARN_BLOCK_CAPTURE_AUTORELEASING = YES;
				CLANG_WARN_BOOL_CONVERSION = YES;
				CLANG_WARN_COMMA = YES;
				CLANG_WARN_CONSTANT_CONVERSION = YES;
				CLANG_WARN_DEPRECATED_OBJC_IMPLEMENTATIONS = YES;
				CLANG_WARN_DIRECT_OBJC_ISA_USAGE = YES_ERROR;
				CLANG_WARN_DOCUMENTATION_COMMENTS = YES;
				CLANG_WARN_EMPTY_BODY = YES;
				CLANG_WARN_ENUM_CONVERSION = YES;
				CLANG_WARN_INFINITE_RECURSION = YES;
				CLANG_WARN_INT_CONVERSION = YES;
				CLANG_WARN_NON_LITERAL_NULL_CONVERSION = YES;
				CLANG_WARN_OBJC_IMPLICIT_RETAIN_SELF = YES;
				CLANG_WARN_OBJC_LITERAL_CONVERSION = YES;
				CLANG_WARN_OBJC_ROOT_CLASS = YES_ERROR;
				CLANG_WARN_QUOTED_INCLUDE_IN_FRAMEWORK_HEADER = YES;
				CLANG_WARN_RANGE_LOOP_ANALYSIS = YES;
				CLANG_WARN_STRICT_PROTOTYPES = YES;
				CLANG_WARN_SUSPICIOUS_MOVE = YES;
				CLANG_WARN_UNGUARDED_AVAILABILITY = YES_AGGRESSIVE;
				CLANG_WARN_UNREACHABLE_CODE = YES;
				CLANG_WARN__DUPLICATE_METHOD_MATCH = YES;
				COPY_PHASE_STRIP = NO;
				DEBUG_INFORMATION_FORMAT = "dwarf-with-dsym";
				ENABLE_NS_ASSERTIONS = NO;
				ENABLE_STRICT_OBJC_MSGSEND = YES;
				ENABLE_USER_SCRIPT_SANDBOXING = YES;
				GCC_C_LANGUAGE_STANDARD = gnu17;
				GCC_NO_COMMON_BLOCKS = YES;
				GCC_WARN_64_TO_32_BIT_CONVERSION = YES;
				GCC_WARN_ABOUT_RETURN_TYPE = YES_ERROR;
				GCC_WARN_UNDECLARED_SELECTOR = YES;
				GCC_WARN_UNINITIALIZED_AUTOS = YES_AGGRESSIVE;
				GCC_WARN_UNUSED_FUNCTION = YES;
				GCC_WARN_UNUSED_VARIABLE = YES;
				IPHONEOS_DEPLOYMENT_TARGET = 17.2;
				LOCALIZATION_PREFERS_STRING_CATALOGS = YES;
				MTL_ENABLE_DEBUG_INFO = NO;
				MTL_FAST_MATH = YES;
				SDKROOT = iphoneos;
				SWIFT_COMPILATION_MODE = wholemodule;
				VALIDATE_PRODUCT = YES;
			};
			name = Release;
		};
		E601006A2D0CA1E700C8A46A /* Debug */ = {
			isa = XCBuildConfiguration;
			buildSettings = {
				ASSETCATALOG_COMPILER_APPICON_NAME = AppIcon;
				ASSETCATALOG_COMPILER_GLOBAL_ACCENT_COLOR_NAME = AccentColor;
				CODE_SIGN_IDENTITY = "Apple Development";
				CODE_SIGN_STYLE = Automatic;
				CURRENT_PROJECT_VERSION = 1;
				DEVELOPMENT_ASSET_PATHS = "\"RZBD/Preview Content\"";
				DEVELOPMENT_TEAM = 3V83G95RA5;
				ENABLE_PREVIEWS = YES;
				GENERATE_INFOPLIST_FILE = YES;
				INFOPLIST_KEY_UIApplicationSceneManifest_Generation = YES;
				INFOPLIST_KEY_UIApplicationSupportsIndirectInputEvents = YES;
				INFOPLIST_KEY_UILaunchScreen_Generation = YES;
				INFOPLIST_KEY_UISupportedInterfaceOrientations_iPad = "UIInterfaceOrientationPortrait UIInterfaceOrientationPortraitUpsideDown UIInterfaceOrientationLandscapeLeft UIInterfaceOrientationLandscapeRight";
				INFOPLIST_KEY_UISupportedInterfaceOrientations_iPhone = "UIInterfaceOrientationPortrait UIInterfaceOrientationLandscapeLeft UIInterfaceOrientationLandscapeRight";
				LD_RUNPATH_SEARCH_PATHS = (
					"$(inherited)",
					"@executable_path/Frameworks",
				);
				MARKETING_VERSION = 1.0;
				PRODUCT_BUNDLE_IDENTIFIER = "-.RZBD";
				PRODUCT_NAME = "$(TARGET_NAME)";
				PROVISIONING_PROFILE_SPECIFIER = "";
				SWIFT_EMIT_LOC_STRINGS = YES;
				SWIFT_VERSION = 5.0;
				TARGETED_DEVICE_FAMILY = "1,2";
			};
			name = Debug;
		};
		E601006B2D0CA1E700C8A46A /* Release */ = {
			isa = XCBuildConfiguration;
			buildSettings = {
				ASSETCATALOG_COMPILER_APPICON_NAME = AppIcon;
				ASSETCATALOG_COMPILER_GLOBAL_ACCENT_COLOR_NAME = AccentColor;
				CODE_SIGN_IDENTITY = "Apple Development";
				CODE_SIGN_STYLE = Automatic;
				CURRENT_PROJECT_VERSION = 1;
				DEVELOPMENT_ASSET_PATHS = "\"RZBD/Preview Content\"";
				DEVELOPMENT_TEAM = 3V83G95RA5;
				ENABLE_PREVIEWS = YES;
				GENERATE_INFOPLIST_FILE = YES;
				INFOPLIST_KEY_UIApplicationSceneManifest_Generation = YES;
				INFOPLIST_KEY_UIApplicationSupportsIndirectInputEvents = YES;
				INFOPLIST_KEY_UILaunchScreen_Generation = YES;
				INFOPLIST_KEY_UISupportedInterfaceOrientations_iPad = "UIInterfaceOrientationPortrait UIInterfaceOrientationPortraitUpsideDown UIInterfaceOrientationLandscapeLeft UIInterfaceOrientationLandscapeRight";
				INFOPLIST_KEY_UISupportedInterfaceOrientations_iPhone = "UIInterfaceOrientationPortrait UIInterfaceOrientationLandscapeLeft UIInterfaceOrientationLandscapeRight";
				LD_RUNPATH_SEARCH_PATHS = (
					"$(inherited)",
					"@executable_path/Frameworks",
				);
				MARKETING_VERSION = 1.0;
				PRODUCT_BUNDLE_IDENTIFIER = "-.RZBD";
				PRODUCT_NAME = "$(TARGET_NAME)";
				PROVISIONING_PROFILE_SPECIFIER = "";
				SWIFT_EMIT_LOC_STRINGS = YES;
				SWIFT_VERSION = 5.0;
				TARGETED_DEVICE_FAMILY = "1,2";
			};
			name = Release;
		};
/* End XCBuildConfiguration section */

/* Begin XCConfigurationList section */
		E60100562D0CA1E600C8A46A /* Build configuration list for PBXProject "RZBD" */ = {
			isa = XCConfigurationList;
			buildConfigurations = (
				E60100672D0CA1E700C8A46A /* Debug */,
				E60100682D0CA1E700C8A46A /* Release */,
			);
			defaultConfigurationIsVisible = 0;
			defaultConfigurationName = Release;
		};
		E60100692D0CA1E700C8A46A /* Build configuration list for PBXNativeTarget "RZBD" */ = {
			isa = XCConfigurationList;
			buildConfigurations = (
				E601006A2D0CA1E700C8A46A /* Debug */,
				E601006B2D0CA1E700C8A46A /* Release */,
			);
			defaultConfigurationIsVisible = 0;
			defaultConfigurationName = Release;
		};
/* End XCConfigurationList section */
	};
	rootObject = E60100532D0CA1E600C8A46A /* Project object */;
}
